
Microsoft Visual Studio Solution File, Format Version 12.00
# Visual Studio Version 16
VisualStudioVersion = 16.0.30413.136
MinimumVisualStudioVersion = 10.0.40219.1
Project("{FAE04EC0-301F-11D3-BF4B-00C04F79EFBC}") = "AdvancedModdingStation", "AdvancedModdingStation\AdvancedModdingStation.csproj", "{5A44F155-64BA-442B-A6A7-6BAC4436EA6C}"
EndProject
Global
	GlobalSection(SolutionConfigurationPlatforms) = preSolution
		Debug|Any CPU = Debug|Any CPU
		Release|Any CPU = Release|Any CPU
	EndGlobalSection
	GlobalSection(ProjectConfigurationPlatforms) = postSolution
		{5A44F155-64BA-442B-A6A7-6BAC4436EA6C}.Debug|Any CPU.ActiveCfg = Debug|Any CPU
		{5A44F155-64BA-442B-A6A7-6BAC4436EA6C}.Debug|Any CPU.Build.0 = Debug|Any CPU
		{5A44F155-64BA-442B-A6A7-6BAC4436EA6C}.Release|Any CPU.ActiveCfg = Release|Any CPU
		{5A44F155-64BA-442B-A6A7-6BAC4436EA6C}.Release|Any CPU.Build.0 = Release|Any CPU
	EndGlobalSection
	GlobalSection(SolutionProperties) = preSolution
		HideSolutionNode = FALSE
	EndGlobalSection
	GlobalSection(ExtensibilityGlobals) = postSolution
		SolutionGuid = {840732C4-ABA9-43A0-8FF4-82DF1191C6DD}
	EndGlobalSection
EndGlobal
